
Microsoft Visual Studio Solution File, Format Version 12.00
# Visual Studio Version 17
VisualStudioVersion = 17.9.34902.65
MinimumVisualStudioVersion = 10.0.40219.1
Project("{FAE04EC0-301F-11D3-BF4B-00C04F79EFBC}") = "CentralPrototipo", "CentralPrototipo.csproj", "{2DC407ED-F6FC-4DD5-B699-4A8889B8AF62}"
EndProject
Global
	GlobalSection(SolutionConfigurationPlatforms) = preSolution
		Debug|Any CPU = Debug|Any CPU
		Release|Any CPU = Release|Any CPU
	EndGlobalSection
	GlobalSection(ProjectConfigurationPlatforms) = postSolution
		{2DC407ED-F6FC-4DD5-B699-4A8889B8AF62}.Debug|Any CPU.ActiveCfg = Debug|Any CPU
		{2DC407ED-F6FC-4DD5-B699-4A8889B8AF62}.Debug|Any CPU.Build.0 = Debug|Any CPU
		{2DC407ED-F6FC-4DD5-B699-4A8889B8AF62}.Release|Any CPU.ActiveCfg = Release|Any CPU
		{2DC407ED-F6FC-4DD5-B699-4A8889B8AF62}.Release|Any CPU.Build.0 = Release|Any CPU
	EndGlobalSection
	GlobalSection(SolutionProperties) = preSolution
		HideSolutionNode = FALSE
	EndGlobalSection
	GlobalSection(ExtensibilityGlobals) = postSolution
		SolutionGuid = {DF407007-21D4-44FA-9014-A538DB659EE7}
	EndGlobalSection
EndGlobal
